
Microsoft Visual Studio Solution File, Format Version 12.00
# Visual Studio Version 17
VisualStudioVersion = 17.6.33513.286
MinimumVisualStudioVersion = 10.0.40219.1
Project("{FAE04EC0-301F-11D3-BF4B-00C04F79EFBC}") = "Nunit debugging extensions", "nunit debugging extensions\Nunit debugging extensions.csproj", "{AE3D8FD0-200E-449D-821F-CCC0FC0C8E30}"
EndProject
Project("{2150E333-8FDC-42A3-9474-1A3956D46DE8}") = "Solution Items", "Solution Items", "{938982ED-B5F6-4266-9598-9165174C5884}"
	ProjectSection(SolutionItems) = preProject
		.editorconfig = .editorconfig
		Directory.Build.props = Directory.Build.props
		Directory.Build.targets = Directory.Build.targets
		Global.json = Global.json
	EndProjectSection
EndProject
Project("{FAE04EC0-301F-11D3-BF4B-00C04F79EFBC}") = "Test extensions", "Test extensions\Test extensions.csproj", "{13BDCD63-C25E-4404-BCD7-97BD806CEEED}"
EndProject
Global
	GlobalSection(SolutionConfigurationPlatforms) = preSolution
		Debug|Any CPU = Debug|Any CPU
		Release|Any CPU = Release|Any CPU
	EndGlobalSection
	GlobalSection(ProjectConfigurationPlatforms) = postSolution
		{AE3D8FD0-200E-449D-821F-CCC0FC0C8E30}.Debug|Any CPU.ActiveCfg = Debug|Any CPU
		{AE3D8FD0-200E-449D-821F-CCC0FC0C8E30}.Debug|Any CPU.Build.0 = Debug|Any CPU
		{AE3D8FD0-200E-449D-821F-CCC0FC0C8E30}.Release|Any CPU.ActiveCfg = Release|Any CPU
		{AE3D8FD0-200E-449D-821F-CCC0FC0C8E30}.Release|Any CPU.Build.0 = Release|Any CPU
		{13BDCD63-C25E-4404-BCD7-97BD806CEEED}.Debug|Any CPU.ActiveCfg = Debug|Any CPU
		{13BDCD63-C25E-4404-BCD7-97BD806CEEED}.Debug|Any CPU.Build.0 = Debug|Any CPU
		{13BDCD63-C25E-4404-BCD7-97BD806CEEED}.Release|Any CPU.ActiveCfg = Release|Any CPU
		{13BDCD63-C25E-4404-BCD7-97BD806CEEED}.Release|Any CPU.Build.0 = Release|Any CPU
	EndGlobalSection
	GlobalSection(SolutionProperties) = preSolution
		HideSolutionNode = FALSE
	EndGlobalSection
	GlobalSection(ExtensibilityGlobals) = postSolution
		SolutionGuid = {123B1236-D23D-4AB7-8385-CCF6ED872820}
	EndGlobalSection
EndGlobal
